
Microsoft Visual Studio Solution File, Format Version 12.00
# Visual Studio Version 16
VisualStudioVersion = 16.0.30413.136
MinimumVisualStudioVersion = 10.0.40219.1
Project("{FAE04EC0-301F-11D3-BF4B-00C04F79EFBC}") = "Complex", "Complex\Complex.csproj", "{864DB4DB-0EC2-488D-9CAA-184B9D6B9060}"
EndProject
Project("{FAE04EC0-301F-11D3-BF4B-00C04F79EFBC}") = "SumOfNumbersAndException", "SumOfNumbersAndException\SumOfNumbersAndException.csproj", "{7241A465-8236-4633-B2F0-2CCF7708D24D}"
EndProject
Global
	GlobalSection(SolutionConfigurationPlatforms) = preSolution
		Debug|Any CPU = Debug|Any CPU
		Release|Any CPU = Release|Any CPU
	EndGlobalSection
	GlobalSection(ProjectConfigurationPlatforms) = postSolution
		{864DB4DB-0EC2-488D-9CAA-184B9D6B9060}.Debug|Any CPU.ActiveCfg = Debug|Any CPU
		{864DB4DB-0EC2-488D-9CAA-184B9D6B9060}.Debug|Any CPU.Build.0 = Debug|Any CPU
		{864DB4DB-0EC2-488D-9CAA-184B9D6B9060}.Release|Any CPU.ActiveCfg = Release|Any CPU
		{864DB4DB-0EC2-488D-9CAA-184B9D6B9060}.Release|Any CPU.Build.0 = Release|Any CPU
		{7241A465-8236-4633-B2F0-2CCF7708D24D}.Debug|Any CPU.ActiveCfg = Debug|Any CPU
		{7241A465-8236-4633-B2F0-2CCF7708D24D}.Debug|Any CPU.Build.0 = Debug|Any CPU
		{7241A465-8236-4633-B2F0-2CCF7708D24D}.Release|Any CPU.ActiveCfg = Release|Any CPU
		{7241A465-8236-4633-B2F0-2CCF7708D24D}.Release|Any CPU.Build.0 = Release|Any CPU
	EndGlobalSection
	GlobalSection(SolutionProperties) = preSolution
		HideSolutionNode = FALSE
	EndGlobalSection
	GlobalSection(ExtensibilityGlobals) = postSolution
		SolutionGuid = {FA7358C7-40FB-45AE-BDAB-10C64BC82F30}
	EndGlobalSection
EndGlobal
