
Microsoft Visual Studio Solution File, Format Version 12.00
# Visual Studio Version 16
VisualStudioVersion = 16.0.30011.22
MinimumVisualStudioVersion = 10.0.40219.1
Project("{FAE04EC0-301F-11D3-BF4B-00C04F79EFBC}") = "Autorization", "Autorization\Autorization.csproj", "{50908A57-49D7-4A65-96AA-E7DEE87D3AC6}"
EndProject
Project("{FAE04EC0-301F-11D3-BF4B-00C04F79EFBC}") = "ArrayOfIntegers", "ArrayOfIntegers\ArrayOfIntegers.csproj", "{BB279C7E-175C-4DFC-804B-FFC27407A5F6}"
EndProject
Project("{FAE04EC0-301F-11D3-BF4B-00C04F79EFBC}") = "StaticClass", "StaticClass\StaticClass.csproj", "{E9D92B4E-8020-44B4-8249-7BE322463940}"
EndProject
Project("{FAE04EC0-301F-11D3-BF4B-00C04F79EFBC}") = "ArrayClass", "ArrayClass\ArrayClass.csproj", "{51AE474A-B0DE-47CD-9B16-E5119AFE4FD1}"
EndProject
Project("{FAE04EC0-301F-11D3-BF4B-00C04F79EFBC}") = "ClassLibrary1", "ClassLibrary1\ClassLibrary1.csproj", "{D010E8C4-8129-4537-BBC5-9822C03BFA89}"
EndProject
Global
	GlobalSection(SolutionConfigurationPlatforms) = preSolution
		Debug|Any CPU = Debug|Any CPU
		Release|Any CPU = Release|Any CPU
	EndGlobalSection
	GlobalSection(ProjectConfigurationPlatforms) = postSolution
		{50908A57-49D7-4A65-96AA-E7DEE87D3AC6}.Debug|Any CPU.ActiveCfg = Debug|Any CPU
		{50908A57-49D7-4A65-96AA-E7DEE87D3AC6}.Debug|Any CPU.Build.0 = Debug|Any CPU
		{50908A57-49D7-4A65-96AA-E7DEE87D3AC6}.Release|Any CPU.ActiveCfg = Release|Any CPU
		{50908A57-49D7-4A65-96AA-E7DEE87D3AC6}.Release|Any CPU.Build.0 = Release|Any CPU
		{BB279C7E-175C-4DFC-804B-FFC27407A5F6}.Debug|Any CPU.ActiveCfg = Debug|Any CPU
		{BB279C7E-175C-4DFC-804B-FFC27407A5F6}.Debug|Any CPU.Build.0 = Debug|Any CPU
		{BB279C7E-175C-4DFC-804B-FFC27407A5F6}.Release|Any CPU.ActiveCfg = Release|Any CPU
		{BB279C7E-175C-4DFC-804B-FFC27407A5F6}.Release|Any CPU.Build.0 = Release|Any CPU
		{E9D92B4E-8020-44B4-8249-7BE322463940}.Debug|Any CPU.ActiveCfg = Debug|Any CPU
		{E9D92B4E-8020-44B4-8249-7BE322463940}.Debug|Any CPU.Build.0 = Debug|Any CPU
		{E9D92B4E-8020-44B4-8249-7BE322463940}.Release|Any CPU.ActiveCfg = Release|Any CPU
		{E9D92B4E-8020-44B4-8249-7BE322463940}.Release|Any CPU.Build.0 = Release|Any CPU
		{51AE474A-B0DE-47CD-9B16-E5119AFE4FD1}.Debug|Any CPU.ActiveCfg = Debug|Any CPU
		{51AE474A-B0DE-47CD-9B16-E5119AFE4FD1}.Debug|Any CPU.Build.0 = Debug|Any CPU
		{51AE474A-B0DE-47CD-9B16-E5119AFE4FD1}.Release|Any CPU.ActiveCfg = Release|Any CPU
		{51AE474A-B0DE-47CD-9B16-E5119AFE4FD1}.Release|Any CPU.Build.0 = Release|Any CPU
		{D010E8C4-8129-4537-BBC5-9822C03BFA89}.Debug|Any CPU.ActiveCfg = Debug|Any CPU
		{D010E8C4-8129-4537-BBC5-9822C03BFA89}.Debug|Any CPU.Build.0 = Debug|Any CPU
		{D010E8C4-8129-4537-BBC5-9822C03BFA89}.Release|Any CPU.ActiveCfg = Release|Any CPU
		{D010E8C4-8129-4537-BBC5-9822C03BFA89}.Release|Any CPU.Build.0 = Release|Any CPU
	EndGlobalSection
	GlobalSection(SolutionProperties) = preSolution
		HideSolutionNode = FALSE
	EndGlobalSection
	GlobalSection(ExtensibilityGlobals) = postSolution
		SolutionGuid = {65AA524D-71E0-41CA-830E-2206B8518789}
	EndGlobalSection
EndGlobal
