
Microsoft Visual Studio Solution File, Format Version 12.00
# Visual Studio Version 16
VisualStudioVersion = 16.0.30413.136
MinimumVisualStudioVersion = 10.0.40219.1
Project("{FAE04EC0-301F-11D3-BF4B-00C04F79EFBC}") = "Task1", "Task1\Task1.csproj", "{C8A95FC6-DC17-4FF4-8125-67D94A8FC318}"
EndProject
Project("{FAE04EC0-301F-11D3-BF4B-00C04F79EFBC}") = "Task2", "Task2\Task2.csproj", "{501EE2EE-746A-4DBA-9877-FDE115A663D8}"
EndProject
Global
	GlobalSection(SolutionConfigurationPlatforms) = preSolution
		Debug|Any CPU = Debug|Any CPU
		Release|Any CPU = Release|Any CPU
	EndGlobalSection
	GlobalSection(ProjectConfigurationPlatforms) = postSolution
		{C8A95FC6-DC17-4FF4-8125-67D94A8FC318}.Debug|Any CPU.ActiveCfg = Debug|Any CPU
		{C8A95FC6-DC17-4FF4-8125-67D94A8FC318}.Debug|Any CPU.Build.0 = Debug|Any CPU
		{C8A95FC6-DC17-4FF4-8125-67D94A8FC318}.Release|Any CPU.ActiveCfg = Release|Any CPU
		{C8A95FC6-DC17-4FF4-8125-67D94A8FC318}.Release|Any CPU.Build.0 = Release|Any CPU
		{501EE2EE-746A-4DBA-9877-FDE115A663D8}.Debug|Any CPU.ActiveCfg = Debug|Any CPU
		{501EE2EE-746A-4DBA-9877-FDE115A663D8}.Debug|Any CPU.Build.0 = Debug|Any CPU
		{501EE2EE-746A-4DBA-9877-FDE115A663D8}.Release|Any CPU.ActiveCfg = Release|Any CPU
		{501EE2EE-746A-4DBA-9877-FDE115A663D8}.Release|Any CPU.Build.0 = Release|Any CPU
	EndGlobalSection
	GlobalSection(SolutionProperties) = preSolution
		HideSolutionNode = FALSE
	EndGlobalSection
	GlobalSection(ExtensibilityGlobals) = postSolution
		SolutionGuid = {A0DBF2B3-7EE2-42EE-89FD-208040C1CBEE}
	EndGlobalSection
EndGlobal
